
Microsoft Visual Studio Solution File, Format Version 12.00
# Visual Studio Version 16
VisualStudioVersion = 16.0.31321.278
MinimumVisualStudioVersion = 10.0.40219.1
Project("{FAE04EC0-301F-11D3-BF4B-00C04F79EFBC}") = "SalesApiCSharp", "SalesApiCSharp\SalesApiCSharp.csproj", "{FC08B4FF-0925-4819-B1FD-C47D1C210FEF}"
EndProject
Global
	GlobalSection(SolutionConfigurationPlatforms) = preSolution
		Debug|Any CPU = Debug|Any CPU
		Release|Any CPU = Release|Any CPU
	EndGlobalSection
	GlobalSection(ProjectConfigurationPlatforms) = postSolution
		{FC08B4FF-0925-4819-B1FD-C47D1C210FEF}.Debug|Any CPU.ActiveCfg = Debug|Any CPU
		{FC08B4FF-0925-4819-B1FD-C47D1C210FEF}.Debug|Any CPU.Build.0 = Debug|Any CPU
		{FC08B4FF-0925-4819-B1FD-C47D1C210FEF}.Release|Any CPU.ActiveCfg = Release|Any CPU
		{FC08B4FF-0925-4819-B1FD-C47D1C210FEF}.Release|Any CPU.Build.0 = Release|Any CPU
	EndGlobalSection
	GlobalSection(SolutionProperties) = preSolution
		HideSolutionNode = FALSE
	EndGlobalSection
	GlobalSection(ExtensibilityGlobals) = postSolution
		SolutionGuid = {47FE0553-1F08-4680-92C4-6BCC97CF5C3C}
	EndGlobalSection
EndGlobal
